
Microsoft Visual Studio Solution File, Format Version 12.00
# Visual Studio Version 16
VisualStudioVersion = 16.0.32228.343
MinimumVisualStudioVersion = 10.0.40219.1
Project("{FAE04EC0-301F-11D3-BF4B-00C04F79EFBC}") = "Edcational Website_Assignment 2", "Edcational Website_Assignment 2.csproj", "{6365D248-243A-429B-AB00-751606B5AAF0}"
EndProject
Global
	GlobalSection(SolutionConfigurationPlatforms) = preSolution
		Debug|Any CPU = Debug|Any CPU
		Release|Any CPU = Release|Any CPU
	EndGlobalSection
	GlobalSection(ProjectConfigurationPlatforms) = postSolution
		{6365D248-243A-429B-AB00-751606B5AAF0}.Debug|Any CPU.ActiveCfg = Debug|Any CPU
		{6365D248-243A-429B-AB00-751606B5AAF0}.Debug|Any CPU.Build.0 = Debug|Any CPU
		{6365D248-243A-429B-AB00-751606B5AAF0}.Release|Any CPU.ActiveCfg = Release|Any CPU
		{6365D248-243A-429B-AB00-751606B5AAF0}.Release|Any CPU.Build.0 = Release|Any CPU
	EndGlobalSection
	GlobalSection(SolutionProperties) = preSolution
		HideSolutionNode = FALSE
	EndGlobalSection
	GlobalSection(ExtensibilityGlobals) = postSolution
		SolutionGuid = {0EC76B64-A21A-4B53-84F8-240D1F6CD5CD}
	EndGlobalSection
EndGlobal
